
Microsoft Visual Studio Solution File, Format Version 11.00
# Visual Studio 2010
Project("{FAE04EC0-301F-11D3-BF4B-00C04F79EFBC}") = "WebUI", "ProductivityApp\WebUI.csproj", "{8626EFA0-96E6-4628-A624-A7329F8B2D28}"
EndProject
Project("{FAE04EC0-301F-11D3-BF4B-00C04F79EFBC}") = "DomainModel", "DomainModel\DomainModel.csproj", "{8DE5812F-072A-4B36-A84A-F4377A6314FC}"
EndProject
Project("{FAE04EC0-301F-11D3-BF4B-00C04F79EFBC}") = "UnitTests", "Tests\UnitTests.csproj", "{7CD5E713-FEE7-4DDC-8B99-47918A8E3A5C}"
EndProject
Project("{FAE04EC0-301F-11D3-BF4B-00C04F79EFBC}") = "AcceptanceTests", "AcceptanceTests\AcceptanceTests.csproj", "{CB3F5709-1A02-4DDA-989E-7495FBADE443}"
EndProject
Project("{FAE04EC0-301F-11D3-BF4B-00C04F79EFBC}") = "System.Web.Mvc", "..\mvc3-rtm-sources\mvc3\src\SystemWebMvc\System.Web.Mvc.csproj", "{3D3FFD8A-624D-4E9B-954B-E1C105507975}"
EndProject
Global
	GlobalSection(SolutionConfigurationPlatforms) = preSolution
		CodeCoverage|Any CPU = CodeCoverage|Any CPU
		Debug|Any CPU = Debug|Any CPU
		FxCop|Any CPU = FxCop|Any CPU
		Release|Any CPU = Release|Any CPU
	EndGlobalSection
	GlobalSection(ProjectConfigurationPlatforms) = postSolution
		{8626EFA0-96E6-4628-A624-A7329F8B2D28}.CodeCoverage|Any CPU.ActiveCfg = Release|Any CPU
		{8626EFA0-96E6-4628-A624-A7329F8B2D28}.Debug|Any CPU.ActiveCfg = Debug|Any CPU
		{8626EFA0-96E6-4628-A624-A7329F8B2D28}.Debug|Any CPU.Build.0 = Debug|Any CPU
		{8626EFA0-96E6-4628-A624-A7329F8B2D28}.FxCop|Any CPU.ActiveCfg = Release|Any CPU
		{8626EFA0-96E6-4628-A624-A7329F8B2D28}.Release|Any CPU.ActiveCfg = Release|Any CPU
		{8626EFA0-96E6-4628-A624-A7329F8B2D28}.Release|Any CPU.Build.0 = Release|Any CPU
		{8DE5812F-072A-4B36-A84A-F4377A6314FC}.CodeCoverage|Any CPU.ActiveCfg = Release|Any CPU
		{8DE5812F-072A-4B36-A84A-F4377A6314FC}.CodeCoverage|Any CPU.Build.0 = Release|Any CPU
		{8DE5812F-072A-4B36-A84A-F4377A6314FC}.Debug|Any CPU.ActiveCfg = Debug|Any CPU
		{8DE5812F-072A-4B36-A84A-F4377A6314FC}.Debug|Any CPU.Build.0 = Debug|Any CPU
		{8DE5812F-072A-4B36-A84A-F4377A6314FC}.FxCop|Any CPU.ActiveCfg = Release|Any CPU
		{8DE5812F-072A-4B36-A84A-F4377A6314FC}.FxCop|Any CPU.Build.0 = Release|Any CPU
		{8DE5812F-072A-4B36-A84A-F4377A6314FC}.Release|Any CPU.ActiveCfg = Release|Any CPU
		{8DE5812F-072A-4B36-A84A-F4377A6314FC}.Release|Any CPU.Build.0 = Release|Any CPU
		{7CD5E713-FEE7-4DDC-8B99-47918A8E3A5C}.CodeCoverage|Any CPU.ActiveCfg = Release|Any CPU
		{7CD5E713-FEE7-4DDC-8B99-47918A8E3A5C}.CodeCoverage|Any CPU.Build.0 = Release|Any CPU
		{7CD5E713-FEE7-4DDC-8B99-47918A8E3A5C}.Debug|Any CPU.ActiveCfg = Debug|Any CPU
		{7CD5E713-FEE7-4DDC-8B99-47918A8E3A5C}.Debug|Any CPU.Build.0 = Debug|Any CPU
		{7CD5E713-FEE7-4DDC-8B99-47918A8E3A5C}.FxCop|Any CPU.ActiveCfg = Release|Any CPU
		{7CD5E713-FEE7-4DDC-8B99-47918A8E3A5C}.FxCop|Any CPU.Build.0 = Release|Any CPU
		{7CD5E713-FEE7-4DDC-8B99-47918A8E3A5C}.Release|Any CPU.ActiveCfg = Release|Any CPU
		{7CD5E713-FEE7-4DDC-8B99-47918A8E3A5C}.Release|Any CPU.Build.0 = Release|Any CPU
		{CB3F5709-1A02-4DDA-989E-7495FBADE443}.CodeCoverage|Any CPU.ActiveCfg = Release|Any CPU
		{CB3F5709-1A02-4DDA-989E-7495FBADE443}.CodeCoverage|Any CPU.Build.0 = Release|Any CPU
		{CB3F5709-1A02-4DDA-989E-7495FBADE443}.Debug|Any CPU.ActiveCfg = Debug|Any CPU
		{CB3F5709-1A02-4DDA-989E-7495FBADE443}.Debug|Any CPU.Build.0 = Debug|Any CPU
		{CB3F5709-1A02-4DDA-989E-7495FBADE443}.FxCop|Any CPU.ActiveCfg = Release|Any CPU
		{CB3F5709-1A02-4DDA-989E-7495FBADE443}.FxCop|Any CPU.Build.0 = Release|Any CPU
		{CB3F5709-1A02-4DDA-989E-7495FBADE443}.Release|Any CPU.ActiveCfg = Release|Any CPU
		{CB3F5709-1A02-4DDA-989E-7495FBADE443}.Release|Any CPU.Build.0 = Release|Any CPU
		{3D3FFD8A-624D-4E9B-954B-E1C105507975}.CodeCoverage|Any CPU.ActiveCfg = CodeCoverage|Any CPU
		{3D3FFD8A-624D-4E9B-954B-E1C105507975}.CodeCoverage|Any CPU.Build.0 = CodeCoverage|Any CPU
		{3D3FFD8A-624D-4E9B-954B-E1C105507975}.Debug|Any CPU.ActiveCfg = Debug|Any CPU
		{3D3FFD8A-624D-4E9B-954B-E1C105507975}.Debug|Any CPU.Build.0 = Debug|Any CPU
		{3D3FFD8A-624D-4E9B-954B-E1C105507975}.FxCop|Any CPU.ActiveCfg = FxCop|Any CPU
		{3D3FFD8A-624D-4E9B-954B-E1C105507975}.FxCop|Any CPU.Build.0 = FxCop|Any CPU
		{3D3FFD8A-624D-4E9B-954B-E1C105507975}.Release|Any CPU.ActiveCfg = Release|Any CPU
		{3D3FFD8A-624D-4E9B-954B-E1C105507975}.Release|Any CPU.Build.0 = Release|Any CPU
	EndGlobalSection
	GlobalSection(SolutionProperties) = preSolution
		HideSolutionNode = FALSE
	EndGlobalSection
EndGlobal
